
Microsoft Visual Studio Solution File, Format Version 12.00
# Visual Studio Version 17
VisualStudioVersion = 17.7.34202.233
MinimumVisualStudioVersion = 10.0.40219.1
Project("{FAE04EC0-301F-11D3-BF4B-00C04F79EFBC}") = "Practica 16 VS", "Practica 16 VS\Practica 16 VS.csproj", "{4BBDCB34-1643-443A-B68D-D7AF9BF2C807}"
EndProject
Global
	GlobalSection(SolutionConfigurationPlatforms) = preSolution
		Debug|Any CPU = Debug|Any CPU
		Release|Any CPU = Release|Any CPU
	EndGlobalSection
	GlobalSection(ProjectConfigurationPlatforms) = postSolution
		{4BBDCB34-1643-443A-B68D-D7AF9BF2C807}.Debug|Any CPU.ActiveCfg = Debug|Any CPU
		{4BBDCB34-1643-443A-B68D-D7AF9BF2C807}.Debug|Any CPU.Build.0 = Debug|Any CPU
		{4BBDCB34-1643-443A-B68D-D7AF9BF2C807}.Release|Any CPU.ActiveCfg = Release|Any CPU
		{4BBDCB34-1643-443A-B68D-D7AF9BF2C807}.Release|Any CPU.Build.0 = Release|Any CPU
	EndGlobalSection
	GlobalSection(SolutionProperties) = preSolution
		HideSolutionNode = FALSE
	EndGlobalSection
	GlobalSection(ExtensibilityGlobals) = postSolution
		SolutionGuid = {468F0CA8-6A71-4BA9-A19C-C13AD097FFA7}
	EndGlobalSection
EndGlobal
